
Microsoft Visual Studio Solution File, Format Version 12.00
# Visual Studio Version 17
VisualStudioVersion = 17.6.33829.357
MinimumVisualStudioVersion = 10.0.40219.1
Project("{FAE04EC0-301F-11D3-BF4B-00C04F79EFBC}") = "CoreDemo", "CoreDemo\CoreDemo.csproj", "{10145D72-3B75-4FD7-B419-B6672A96EF02}"
EndProject
Project("{FAE04EC0-301F-11D3-BF4B-00C04F79EFBC}") = "EntityLayer", "EntityLayer\EntityLayer.csproj", "{CC657DC6-15ED-42E7-B4F8-EBD5F53F5A6A}"
EndProject
Project("{FAE04EC0-301F-11D3-BF4B-00C04F79EFBC}") = "DataAccessLayer", "DataAccessLayer\DataAccessLayer.csproj", "{F38AB209-B071-4EB5-B614-91923FBEF528}"
EndProject
Project("{FAE04EC0-301F-11D3-BF4B-00C04F79EFBC}") = "BusinnesLayer", "BusinnesLayer\BusinnesLayer.csproj", "{2A0F0460-F9B7-4D25-980E-AFE05D32E7A1}"
EndProject
Project("{FAE04EC0-301F-11D3-BF4B-00C04F79EFBC}") = "CoreLayer", "CoreLayer\CoreLayer.csproj", "{326858F0-9E49-42C4-9D2F-CDE057DD385A}"
EndProject
Global
	GlobalSection(SolutionConfigurationPlatforms) = preSolution
		Debug|Any CPU = Debug|Any CPU
		Release|Any CPU = Release|Any CPU
	EndGlobalSection
	GlobalSection(ProjectConfigurationPlatforms) = postSolution
		{10145D72-3B75-4FD7-B419-B6672A96EF02}.Debug|Any CPU.ActiveCfg = Debug|Any CPU
		{10145D72-3B75-4FD7-B419-B6672A96EF02}.Debug|Any CPU.Build.0 = Debug|Any CPU
		{10145D72-3B75-4FD7-B419-B6672A96EF02}.Release|Any CPU.ActiveCfg = Release|Any CPU
		{10145D72-3B75-4FD7-B419-B6672A96EF02}.Release|Any CPU.Build.0 = Release|Any CPU
		{CC657DC6-15ED-42E7-B4F8-EBD5F53F5A6A}.Debug|Any CPU.ActiveCfg = Debug|Any CPU
		{CC657DC6-15ED-42E7-B4F8-EBD5F53F5A6A}.Debug|Any CPU.Build.0 = Debug|Any CPU
		{CC657DC6-15ED-42E7-B4F8-EBD5F53F5A6A}.Release|Any CPU.ActiveCfg = Release|Any CPU
		{CC657DC6-15ED-42E7-B4F8-EBD5F53F5A6A}.Release|Any CPU.Build.0 = Release|Any CPU
		{F38AB209-B071-4EB5-B614-91923FBEF528}.Debug|Any CPU.ActiveCfg = Debug|Any CPU
		{F38AB209-B071-4EB5-B614-91923FBEF528}.Debug|Any CPU.Build.0 = Debug|Any CPU
		{F38AB209-B071-4EB5-B614-91923FBEF528}.Release|Any CPU.ActiveCfg = Release|Any CPU
		{F38AB209-B071-4EB5-B614-91923FBEF528}.Release|Any CPU.Build.0 = Release|Any CPU
		{2A0F0460-F9B7-4D25-980E-AFE05D32E7A1}.Debug|Any CPU.ActiveCfg = Debug|Any CPU
		{2A0F0460-F9B7-4D25-980E-AFE05D32E7A1}.Debug|Any CPU.Build.0 = Debug|Any CPU
		{2A0F0460-F9B7-4D25-980E-AFE05D32E7A1}.Release|Any CPU.ActiveCfg = Release|Any CPU
		{2A0F0460-F9B7-4D25-980E-AFE05D32E7A1}.Release|Any CPU.Build.0 = Release|Any CPU
		{326858F0-9E49-42C4-9D2F-CDE057DD385A}.Debug|Any CPU.ActiveCfg = Debug|Any CPU
		{326858F0-9E49-42C4-9D2F-CDE057DD385A}.Debug|Any CPU.Build.0 = Debug|Any CPU
		{326858F0-9E49-42C4-9D2F-CDE057DD385A}.Release|Any CPU.ActiveCfg = Release|Any CPU
		{326858F0-9E49-42C4-9D2F-CDE057DD385A}.Release|Any CPU.Build.0 = Release|Any CPU
	EndGlobalSection
	GlobalSection(SolutionProperties) = preSolution
		HideSolutionNode = FALSE
	EndGlobalSection
	GlobalSection(ExtensibilityGlobals) = postSolution
		SolutionGuid = {AAB78F1B-BAEE-487B-B149-24CF34702FB3}
	EndGlobalSection
EndGlobal
